
Microsoft Visual Studio Solution File, Format Version 12.00
# Visual Studio Version 17
VisualStudioVersion = 17.2.32519.379
MinimumVisualStudioVersion = 10.0.40219.1
Project("{FAE04EC0-301F-11D3-BF4B-00C04F79EFBC}") = "NumeroInvertido", "NumeroInvertido\NumeroInvertido.csproj", "{77BFC3FE-A620-49AF-97A0-0294C13036AE}"
EndProject
Global
	GlobalSection(SolutionConfigurationPlatforms) = preSolution
		Debug|Any CPU = Debug|Any CPU
		Release|Any CPU = Release|Any CPU
	EndGlobalSection
	GlobalSection(ProjectConfigurationPlatforms) = postSolution
		{77BFC3FE-A620-49AF-97A0-0294C13036AE}.Debug|Any CPU.ActiveCfg = Debug|Any CPU
		{77BFC3FE-A620-49AF-97A0-0294C13036AE}.Debug|Any CPU.Build.0 = Debug|Any CPU
		{77BFC3FE-A620-49AF-97A0-0294C13036AE}.Release|Any CPU.ActiveCfg = Release|Any CPU
		{77BFC3FE-A620-49AF-97A0-0294C13036AE}.Release|Any CPU.Build.0 = Release|Any CPU
	EndGlobalSection
	GlobalSection(SolutionProperties) = preSolution
		HideSolutionNode = FALSE
	EndGlobalSection
	GlobalSection(ExtensibilityGlobals) = postSolution
		SolutionGuid = {F7ADCD22-C216-442C-B16F-FF440C093AE1}
	EndGlobalSection
EndGlobal
